
Microsoft Visual Studio Solution File, Format Version 12.00
# Visual Studio 15
VisualStudioVersion = 15.0.28307.271
MinimumVisualStudioVersion = 10.0.40219.1
Project("{FAE04EC0-301F-11D3-BF4B-00C04F79EFBC}") = "CreateSelection", "CreateSelection\CreateSelection.csproj", "{6C65055E-1F76-49DF-995C-20D51375EA05}"
EndProject
Global
	GlobalSection(SolutionConfigurationPlatforms) = preSolution
		Debug|Any CPU = Debug|Any CPU
		Release|Any CPU = Release|Any CPU
	EndGlobalSection
	GlobalSection(ProjectConfigurationPlatforms) = postSolution
		{6C65055E-1F76-49DF-995C-20D51375EA05}.Debug|Any CPU.ActiveCfg = Debug|Any CPU
		{6C65055E-1F76-49DF-995C-20D51375EA05}.Debug|Any CPU.Build.0 = Debug|Any CPU
		{6C65055E-1F76-49DF-995C-20D51375EA05}.Release|Any CPU.ActiveCfg = Release|Any CPU
		{6C65055E-1F76-49DF-995C-20D51375EA05}.Release|Any CPU.Build.0 = Release|Any CPU
	EndGlobalSection
	GlobalSection(SolutionProperties) = preSolution
		HideSolutionNode = FALSE
	EndGlobalSection
	GlobalSection(ExtensibilityGlobals) = postSolution
		SolutionGuid = {1BC9C3A0-6CBA-4832-A2C9-611D79FFDA4F}
	EndGlobalSection
EndGlobal
